{
  "name": "torvis",
  "version": "1.0.0",
  "lockfileVersion": 2,
  "requires": true,
  "packages": {
    "": {
      "name": "torvis",
      "version": "1.0.0",
      "license": "ISC",
      "dependencies": {
        "bencode": "^0.9.0",
        "bignum": "^0.13.1"
      },
      "devDependencies": {
        "@babel/helper-compilation-targets": "^7.24.7"
      }
    },
    "node_modules/@babel/compat-data": {
      "version": "7.24.7",
      "resolved": "https://registry.npmjs.org/@babel/compat-data/-/compat-data-7.24.7.tgz",
      "integrity": "sha512-qJzAIcv03PyaWqxRgO4mSU3lihncDT296vnyuE2O8uA4w3UHWI4S3hgeZd1L8W1Bft40w9JxJ2b412iDUFFRhw==",
      "dev": true,
      "engines": {
        "node": ">=6.9.0"
      }
    },
    "node_modules/@babel/helper-compilation-targets": {
      "version": "7.24.7",
      "resolved": "https://registry.npmjs.org/@babel/helper-compilation-targets/-/helper-compilation-targets-7.24.7.tgz",
      "integrity": "sha512-ctSdRHBi20qWOfy27RUb4Fhp07KSJ3sXcuSvTrXrc4aG8NSYDo1ici3Vhg9bg69y5bj0Mr1lh0aeEgTvc12rMg==",
      "dev": true,
      "dependencies": {
        "@babel/compat-data": "^7.24.7",
        "@babel/helper-validator-option": "^7.24.7",
        "browserslist": "^4.22.2",
        "lru-cache": "^5.1.1",
        "semver": "^6.3.1"
      },
      "engines": {
        "node": ">=6.9.0"
      }
    },
    "node_modules/@babel/helper-validator-option": {
      "version": "7.24.7",
      "resolved": "https://registry.npmjs.org/@babel/helper-validator-option/-/helper-validator-option-7.24.7.tgz",
      "integrity": "sha512-yy1/KvjhV/ZCL+SM7hBrvnZJ3ZuT9OuZgIJAGpPEToANvc3iM6iDvBnRjtElWibHU6n8/LPR/EjX9EtIEYO3pw==",
      "dev": true,
      "engines": {
        "node": ">=6.9.0"
      }
    },
    "node_modules/bencode": {
      "version": "0.9.0",
      "resolved": "https://registry.npmjs.org/bencode/-/bencode-0.9.0.tgz",
      "integrity": "sha512-vyB94M60TTU5S3fHv1pnlgMWpXVf0bIjniWQzKyCSXRRdAj17NNpew7ZM5meXAKHucMIuJELmZwiA2UW2ZxAAw=="
    },
    "node_modules/bignum": {
      "version": "0.13.1",
      "resolved": "https://registry.npmjs.org/bignum/-/bignum-0.13.1.tgz",
      "integrity": "sha512-sPtvw/knt6nmBm4fPgsu+FtNypM5y2Org723h9fAOl7UDgc8nyIbVbcBCatVR/nOJWCsKctSE14u+3bW5sAkFA==",
      "hasInstallScript": true,
      "dependencies": {
        "bindings": "^1.5.0",
        "nan": "^2.14.0",
        "safe-buffer": "^5.2.0"
      }
    },
    "node_modules/bindings": {
      "version": "1.5.0",
      "resolved": "https://registry.npmjs.org/bindings/-/bindings-1.5.0.tgz",
      "integrity": "sha512-p2q/t/mhvuOj/UeLlV6566GD/guowlr0hHxClI0W9m7MWYkL1F0hLo+0Aexs9HSPCtR1SXQ0TD3MMKrXZajbiQ==",
      "dependencies": {
        "file-uri-to-path": "1.0.0"
      }
    },
    "node_modules/browserslist": {
      "version": "4.23.0",
      "resolved": "https://registry.npmjs.org/browserslist/-/browserslist-4.23.0.tgz",
      "integrity": "sha512-QW8HiM1shhT2GuzkvklfjcKDiWFXHOeFCIA/huJPwHsslwcydgk7X+z2zXpEijP98UCY7HbubZt5J2Zgvf0CaQ==",
      "dev": true,
      "funding": [
        {
          "type": "opencollective",
          "url": "https://opencollective.com/browserslist"
        },
        {
          "type": "tidelift",
          "url": "https://tidelift.com/funding/github/npm/browserslist"
        },
        {
          "type": "github",
          "url": "https://github.com/sponsors/ai"
        }
      ],
      "dependencies": {
        "caniuse-lite": "^1.0.30001587",
        "electron-to-chromium": "^1.4.668",
        "node-releases": "^2.0.14",
        "update-browserslist-db": "^1.0.13"
      },
      "bin": {
        "browserslist": "cli.js"
      },
      "engines": {
        "node": "^6 || ^7 || ^8 || ^9 || ^10 || ^11 || ^12 || >=13.7"
      }
    },
    "node_modules/caniuse-lite": {
      "version": "1.0.30001629",
      "resolved": "https://registry.npmjs.org/caniuse-lite/-/caniuse-lite-1.0.30001629.tgz",
      "integrity": "sha512-c3dl911slnQhmxUIT4HhYzT7wnBK/XYpGnYLOj4nJBaRiw52Ibe7YxlDaAeRECvA786zCuExhxIUJ2K7nHMrBw==",
      "dev": true,
      "funding": [
        {
          "type": "opencollective",
          "url": "https://opencollective.com/browserslist"
        },
        {
          "type": "tidelift",
          "url": "https://tidelift.com/funding/github/npm/caniuse-lite"
        },
        {
          "type": "github",
          "url": "https://github.com/sponsors/ai"
        }
      ]
    },
    "node_modules/electron-to-chromium": {
      "version": "1.4.796",
      "resolved": "https://registry.npmjs.org/electron-to-chromium/-/electron-to-chromium-1.4.796.tgz",
      "integrity": "sha512-NglN/xprcM+SHD2XCli4oC6bWe6kHoytcyLKCWXmRL854F0qhPhaYgUswUsglnPxYaNQIg2uMY4BvaomIf3kLA==",
      "dev": true
    },
    "node_modules/escalade": {
      "version": "3.1.2",
      "resolved": "https://registry.npmjs.org/escalade/-/escalade-3.1.2.tgz",
      "integrity": "sha512-ErCHMCae19vR8vQGe50xIsVomy19rg6gFu3+r3jkEO46suLMWBksvVyoGgQV+jOfl84ZSOSlmv6Gxa89PmTGmA==",
      "dev": true,
      "engines": {
        "node": ">=6"
      }
    },
    "node_modules/file-uri-to-path": {
      "version": "1.0.0",
      "resolved": "https://registry.npmjs.org/file-uri-to-path/-/file-uri-to-path-1.0.0.tgz",
      "integrity": "sha512-0Zt+s3L7Vf1biwWZ29aARiVYLx7iMGnEUl9x33fbB/j3jR81u/O2LbqK+Bm1CDSNDKVtJ/YjwY7TUd5SkeLQLw=="
    },
    "node_modules/lru-cache": {
      "version": "5.1.1",
      "resolved": "https://registry.npmjs.org/lru-cache/-/lru-cache-5.1.1.tgz",
      "integrity": "sha512-KpNARQA3Iwv+jTA0utUVVbrh+Jlrr1Fv0e56GGzAFOXN7dk/FviaDW8LHmK52DlcH4WP2n6gI8vN1aesBFgo9w==",
      "dev": true,
      "dependencies": {
        "yallist": "^3.0.2"
      }
    },
    "node_modules/nan": {
      "version": "2.19.0",
      "resolved": "https://registry.npmjs.org/nan/-/nan-2.19.0.tgz",
      "integrity": "sha512-nO1xXxfh/RWNxfd/XPfbIfFk5vgLsAxUR9y5O0cHMJu/AW9U95JLXqthYHjEp+8gQ5p96K9jUp8nbVOxCdRbtw=="
    },
    "node_modules/node-releases": {
      "version": "2.0.14",
      "resolved": "https://registry.npmjs.org/node-releases/-/node-releases-2.0.14.tgz",
      "integrity": "sha512-y10wOWt8yZpqXmOgRo77WaHEmhYQYGNA6y421PKsKYWEK8aW+cqAphborZDhqfyKrbZEN92CN1X2KbafY2s7Yw==",
      "dev": true
    },
    "node_modules/picocolors": {
      "version": "1.0.1",
      "resolved": "https://registry.npmjs.org/picocolors/-/picocolors-1.0.1.tgz",
      "integrity": "sha512-anP1Z8qwhkbmu7MFP5iTt+wQKXgwzf7zTyGlcdzabySa9vd0Xt392U0rVmz9poOaBj0uHJKyyo9/upk0HrEQew==",
      "dev": true
    },
    "node_modules/safe-buffer": {
      "version": "5.2.1",
      "resolved": "https://registry.npmjs.org/safe-buffer/-/safe-buffer-5.2.1.tgz",
      "integrity": "sha512-rp3So07KcdmmKbGvgaNxQSJr7bGVSVk5S9Eq1F+ppbRo70+YeaDxkw5Dd8NPN+GD6bjnYm2VuPuCXmpuYvmCXQ==",
      "funding": [
        {
          "type": "github",
          "url": "https://github.com/sponsors/feross"
        },
        {
          "type": "patreon",
          "url": "https://www.patreon.com/feross"
        },
        {
          "type": "consulting",
          "url": "https://feross.org/support"
        }
      ]
    },
    "node_modules/semver": {
      "version": "6.3.1",
      "resolved": "https://registry.npmjs.org/semver/-/semver-6.3.1.tgz",
      "integrity": "sha512-BR7VvDCVHO+q2xBEWskxS6DJE1qRnb7DxzUrogb71CWoSficBxYsiAGd+Kl0mmq/MprG9yArRkyrQxTO6XjMzA==",
      "dev": true,
      "bin": {
        "semver": "bin/semver.js"
      }
    },
    "node_modules/update-browserslist-db": {
      "version": "1.0.16",
      "resolved": "https://registry.npmjs.org/update-browserslist-db/-/update-browserslist-db-1.0.16.tgz",
      "integrity": "sha512-KVbTxlBYlckhF5wgfyZXTWnMn7MMZjMu9XG8bPlliUOP9ThaF4QnhP8qrjrH7DRzHfSk0oQv1wToW+iA5GajEQ==",
      "dev": true,
      "funding": [
        {
          "type": "opencollective",
          "url": "https://opencollective.com/browserslist"
        },
        {
          "type": "tidelift",
          "url": "https://tidelift.com/funding/github/npm/browserslist"
        },
        {
          "type": "github",
          "url": "https://github.com/sponsors/ai"
        }
      ],
      "dependencies": {
        "escalade": "^3.1.2",
        "picocolors": "^1.0.1"
      },
      "bin": {
        "update-browserslist-db": "cli.js"
      },
      "peerDependencies": {
        "browserslist": ">= 4.21.0"
      }
    },
    "node_modules/yallist": {
      "version": "3.1.1",
      "resolved": "https://registry.npmjs.org/yallist/-/yallist-3.1.1.tgz",
      "integrity": "sha512-a4UGQaWPH59mOXUYnAG2ewncQS4i4F43Tv3JoAM+s2VDAmS9NsK8GpDMLrCHPksFT7h3K6TOoUNn2pb7RoXx4g==",
      "dev": true
    }
  },
  "dependencies": {
    "@babel/compat-data": {
      "version": "7.24.7",
      "resolved": "https://registry.npmjs.org/@babel/compat-data/-/compat-data-7.24.7.tgz",
      "integrity": "sha512-qJzAIcv03PyaWqxRgO4mSU3lihncDT296vnyuE2O8uA4w3UHWI4S3hgeZd1L8W1Bft40w9JxJ2b412iDUFFRhw==",
      "dev": true
    },
    "@babel/helper-compilation-targets": {
      "version": "7.24.7",
      "resolved": "https://registry.npmjs.org/@babel/helper-compilation-targets/-/helper-compilation-targets-7.24.7.tgz",
      "integrity": "sha512-ctSdRHBi20qWOfy27RUb4Fhp07KSJ3sXcuSvTrXrc4aG8NSYDo1ici3Vhg9bg69y5bj0Mr1lh0aeEgTvc12rMg==",
      "dev": true,
      "requires": {
        "@babel/compat-data": "^7.24.7",
        "@babel/helper-validator-option": "^7.24.7",
        "browserslist": "^4.22.2",
        "lru-cache": "^5.1.1",
        "semver": "^6.3.1"
      }
    },
    "@babel/helper-validator-option": {
      "version": "7.24.7",
      "resolved": "https://registry.npmjs.org/@babel/helper-validator-option/-/helper-validator-option-7.24.7.tgz",
      "integrity": "sha512-yy1/KvjhV/ZCL+SM7hBrvnZJ3ZuT9OuZgIJAGpPEToANvc3iM6iDvBnRjtElWibHU6n8/LPR/EjX9EtIEYO3pw==",
      "dev": true
    },
    "bencode": {
      "version": "0.9.0",
      "resolved": "https://registry.npmjs.org/bencode/-/bencode-0.9.0.tgz",
      "integrity": "sha512-vyB94M60TTU5S3fHv1pnlgMWpXVf0bIjniWQzKyCSXRRdAj17NNpew7ZM5meXAKHucMIuJELmZwiA2UW2ZxAAw=="
    },
    "bignum": {
      "version": "0.13.1",
      "resolved": "https://registry.npmjs.org/bignum/-/bignum-0.13.1.tgz",
      "integrity": "sha512-sPtvw/knt6nmBm4fPgsu+FtNypM5y2Org723h9fAOl7UDgc8nyIbVbcBCatVR/nOJWCsKctSE14u+3bW5sAkFA==",
      "requires": {
        "bindings": "^1.5.0",
        "nan": "^2.14.0",
        "safe-buffer": "^5.2.0"
      }
    },
    "bindings": {
      "version": "1.5.0",
      "resolved": "https://registry.npmjs.org/bindings/-/bindings-1.5.0.tgz",
      "integrity": "sha512-p2q/t/mhvuOj/UeLlV6566GD/guowlr0hHxClI0W9m7MWYkL1F0hLo+0Aexs9HSPCtR1SXQ0TD3MMKrXZajbiQ==",
      "requires": {
        "file-uri-to-path": "1.0.0"
      }
    },
    "browserslist": {
      "version": "4.23.0",
      "resolved": "https://registry.npmjs.org/browserslist/-/browserslist-4.23.0.tgz",
      "integrity": "sha512-QW8HiM1shhT2GuzkvklfjcKDiWFXHOeFCIA/huJPwHsslwcydgk7X+z2zXpEijP98UCY7HbubZt5J2Zgvf0CaQ==",
      "dev": true,
      "requires": {
        "caniuse-lite": "^1.0.30001587",
        "electron-to-chromium": "^1.4.668",
        "node-releases": "^2.0.14",
        "update-browserslist-db": "^1.0.13"
      }
    },
    "caniuse-lite": {
      "version": "1.0.30001629",
      "resolved": "https://registry.npmjs.org/caniuse-lite/-/caniuse-lite-1.0.30001629.tgz",
      "integrity": "sha512-c3dl911slnQhmxUIT4HhYzT7wnBK/XYpGnYLOj4nJBaRiw52Ibe7YxlDaAeRECvA786zCuExhxIUJ2K7nHMrBw==",
      "dev": true
    },
    "electron-to-chromium": {
      "version": "1.4.796",
      "resolved": "https://registry.npmjs.org/electron-to-chromium/-/electron-to-chromium-1.4.796.tgz",
      "integrity": "sha512-NglN/xprcM+SHD2XCli4oC6bWe6kHoytcyLKCWXmRL854F0qhPhaYgUswUsglnPxYaNQIg2uMY4BvaomIf3kLA==",
      "dev": true
    },
    "escalade": {
      "version": "3.1.2",
      "resolved": "https://registry.npmjs.org/escalade/-/escalade-3.1.2.tgz",
      "integrity": "sha512-ErCHMCae19vR8vQGe50xIsVomy19rg6gFu3+r3jkEO46suLMWBksvVyoGgQV+jOfl84ZSOSlmv6Gxa89PmTGmA==",
      "dev": true
    },
    "file-uri-to-path": {
      "version": "1.0.0",
      "resolved": "https://registry.npmjs.org/file-uri-to-path/-/file-uri-to-path-1.0.0.tgz",
      "integrity": "sha512-0Zt+s3L7Vf1biwWZ29aARiVYLx7iMGnEUl9x33fbB/j3jR81u/O2LbqK+Bm1CDSNDKVtJ/YjwY7TUd5SkeLQLw=="
    },
    "lru-cache": {
      "version": "5.1.1",
      "resolved": "https://registry.npmjs.org/lru-cache/-/lru-cache-5.1.1.tgz",
      "integrity": "sha512-KpNARQA3Iwv+jTA0utUVVbrh+Jlrr1Fv0e56GGzAFOXN7dk/FviaDW8LHmK52DlcH4WP2n6gI8vN1aesBFgo9w==",
      "dev": true,
      "requires": {
        "yallist": "^3.0.2"
      }
    },
    "nan": {
      "version": "2.19.0",
      "resolved": "https://registry.npmjs.org/nan/-/nan-2.19.0.tgz",
      "integrity": "sha512-nO1xXxfh/RWNxfd/XPfbIfFk5vgLsAxUR9y5O0cHMJu/AW9U95JLXqthYHjEp+8gQ5p96K9jUp8nbVOxCdRbtw=="
    },
    "node-releases": {
      "version": "2.0.14",
      "resolved": "https://registry.npmjs.org/node-releases/-/node-releases-2.0.14.tgz",
      "integrity": "sha512-y10wOWt8yZpqXmOgRo77WaHEmhYQYGNA6y421PKsKYWEK8aW+cqAphborZDhqfyKrbZEN92CN1X2KbafY2s7Yw==",
      "dev": true
    },
    "picocolors": {
      "version": "1.0.1",
      "resolved": "https://registry.npmjs.org/picocolors/-/picocolors-1.0.1.tgz",
      "integrity": "sha512-anP1Z8qwhkbmu7MFP5iTt+wQKXgwzf7zTyGlcdzabySa9vd0Xt392U0rVmz9poOaBj0uHJKyyo9/upk0HrEQew==",
      "dev": true
    },
    "safe-buffer": {
      "version": "5.2.1",
      "resolved": "https://registry.npmjs.org/safe-buffer/-/safe-buffer-5.2.1.tgz",
      "integrity": "sha512-rp3So07KcdmmKbGvgaNxQSJr7bGVSVk5S9Eq1F+ppbRo70+YeaDxkw5Dd8NPN+GD6bjnYm2VuPuCXmpuYvmCXQ=="
    },
    "semver": {
      "version": "6.3.1",
      "resolved": "https://registry.npmjs.org/semver/-/semver-6.3.1.tgz",
      "integrity": "sha512-BR7VvDCVHO+q2xBEWskxS6DJE1qRnb7DxzUrogb71CWoSficBxYsiAGd+Kl0mmq/MprG9yArRkyrQxTO6XjMzA==",
      "dev": true
    },
    "update-browserslist-db": {
      "version": "1.0.16",
      "resolved": "https://registry.npmjs.org/update-browserslist-db/-/update-browserslist-db-1.0.16.tgz",
      "integrity": "sha512-KVbTxlBYlckhF5wgfyZXTWnMn7MMZjMu9XG8bPlliUOP9ThaF4QnhP8qrjrH7DRzHfSk0oQv1wToW+iA5GajEQ==",
      "dev": true,
      "requires": {
        "escalade": "^3.1.2",
        "picocolors": "^1.0.1"
      }
    },
    "yallist": {
      "version": "3.1.1",
      "resolved": "https://registry.npmjs.org/yallist/-/yallist-3.1.1.tgz",
      "integrity": "sha512-a4UGQaWPH59mOXUYnAG2ewncQS4i4F43Tv3JoAM+s2VDAmS9NsK8GpDMLrCHPksFT7h3K6TOoUNn2pb7RoXx4g==",
      "dev": true
    }
  }
}
